
Microsoft Visual Studio Solution File, Format Version 12.00
# Visual Studio 15
VisualStudioVersion = 15.0.28307.271
MinimumVisualStudioVersion = 10.0.40219.1
Project("{FAE04EC0-301F-11D3-BF4B-00C04F79EFBC}") = "Patchlady", "Patchlady\Patchlady.csproj", "{441A23C0-82F0-46C1-BD7F-019A13B97582}"
EndProject
Global
	GlobalSection(SolutionConfigurationPlatforms) = preSolution
		Debug|Any CPU = Debug|Any CPU
		Release|Any CPU = Release|Any CPU
	EndGlobalSection
	GlobalSection(ProjectConfigurationPlatforms) = postSolution
		{441A23C0-82F0-46C1-BD7F-019A13B97582}.Debug|Any CPU.ActiveCfg = Debug|Any CPU
		{441A23C0-82F0-46C1-BD7F-019A13B97582}.Debug|Any CPU.Build.0 = Debug|Any CPU
		{441A23C0-82F0-46C1-BD7F-019A13B97582}.Release|Any CPU.ActiveCfg = Release|Any CPU
		{441A23C0-82F0-46C1-BD7F-019A13B97582}.Release|Any CPU.Build.0 = Release|Any CPU
	EndGlobalSection
	GlobalSection(SolutionProperties) = preSolution
		HideSolutionNode = FALSE
	EndGlobalSection
	GlobalSection(ExtensibilityGlobals) = postSolution
		SolutionGuid = {41E5CDA4-4951-47BD-8EEC-37CED0E40099}
	EndGlobalSection
EndGlobal
